
Microsoft Visual Studio Solution File, Format Version 12.00
# Visual Studio Version 17
VisualStudioVersion = 17.2.32519.379
MinimumVisualStudioVersion = 10.0.40219.1
Project("{FAE04EC0-301F-11D3-BF4B-00C04F79EFBC}") = "SSD_Lab1", "SSD_Lab1.csproj", "{4694D607-C94B-451A-8B15-71EFB7973804}"
EndProject
Project("{FAE04EC0-301F-11D3-BF4B-00C04F79EFBC}") = "UnitTestProject", "..\UnitTestProject\UnitTestProject.csproj", "{CF6DA77B-453B-43FC-8A36-D44E018B5007}"
EndProject
Global
	GlobalSection(SolutionConfigurationPlatforms) = preSolution
		Debug|Any CPU = Debug|Any CPU
		Release|Any CPU = Release|Any CPU
	EndGlobalSection
	GlobalSection(ProjectConfigurationPlatforms) = postSolution
		{4694D607-C94B-451A-8B15-71EFB7973804}.Debug|Any CPU.ActiveCfg = Debug|Any CPU
		{4694D607-C94B-451A-8B15-71EFB7973804}.Debug|Any CPU.Build.0 = Debug|Any CPU
		{4694D607-C94B-451A-8B15-71EFB7973804}.Release|Any CPU.ActiveCfg = Release|Any CPU
		{4694D607-C94B-451A-8B15-71EFB7973804}.Release|Any CPU.Build.0 = Release|Any CPU
		{CF6DA77B-453B-43FC-8A36-D44E018B5007}.Debug|Any CPU.ActiveCfg = Debug|Any CPU
		{CF6DA77B-453B-43FC-8A36-D44E018B5007}.Debug|Any CPU.Build.0 = Debug|Any CPU
		{CF6DA77B-453B-43FC-8A36-D44E018B5007}.Release|Any CPU.ActiveCfg = Release|Any CPU
		{CF6DA77B-453B-43FC-8A36-D44E018B5007}.Release|Any CPU.Build.0 = Release|Any CPU
	EndGlobalSection
	GlobalSection(SolutionProperties) = preSolution
		HideSolutionNode = FALSE
	EndGlobalSection
	GlobalSection(ExtensibilityGlobals) = postSolution
		SolutionGuid = {87611E6F-4FBB-474D-82EA-6A4261B7B9D2}
	EndGlobalSection
EndGlobal
